
Microsoft Visual Studio Solution File, Format Version 12.00
# Visual Studio Version 17
VisualStudioVersion = 17.6.33717.318
MinimumVisualStudioVersion = 10.0.40219.1
Project("{2150E333-8FDC-42A3-9474-1A3956D46DE8}") = "src", "src", "{6B5D7EE5-87AB-4540-ADC4-90943BD6F637}"
EndProject
Project("{2150E333-8FDC-42A3-9474-1A3956D46DE8}") = "01 Host", "01 Host", "{98842640-7A4B-4AE9-BF6B-42329DD761B6}"
EndProject
Project("{2150E333-8FDC-42A3-9474-1A3956D46DE8}") = "02 Implementation", "02 Implementation", "{FE34B237-FB15-498F-9B4A-B653DFDA8A8E}"
EndProject
Project("{2150E333-8FDC-42A3-9474-1A3956D46DE8}") = "03 Core", "03 Core", "{9D2299EF-31CB-48DE-B3B3-9AB455174245}"
EndProject
Project("{FAE04EC0-301F-11D3-BF4B-00C04F79EFBC}") = "API", "API\API.csproj", "{96D31E73-A1C3-420F-B950-DD69FD50F0D2}"
EndProject
Project("{FAE04EC0-301F-11D3-BF4B-00C04F79EFBC}") = "Infrastructure", "Infrastructure\Infrastructure.csproj", "{570CDDA9-29DB-41B5-9E5B-C7FEB99B3699}"
EndProject
Project("{FAE04EC0-301F-11D3-BF4B-00C04F79EFBC}") = "Presentation", "Presentation\Presentation.csproj", "{DA74B3BC-665A-48B7-8638-DA25781C9E7D}"
EndProject
Project("{FAE04EC0-301F-11D3-BF4B-00C04F79EFBC}") = "Application", "Application\Application.csproj", "{D6CA9789-EE32-4404-9BD0-7BCDDC881CE2}"
EndProject
Project("{FAE04EC0-301F-11D3-BF4B-00C04F79EFBC}") = "Domain", "Domain\Domain.csproj", "{778B3DF5-9A53-46EB-9754-F1086E4C2223}"
EndProject
Global
	GlobalSection(SolutionConfigurationPlatforms) = preSolution
		Debug|Any CPU = Debug|Any CPU
		Release|Any CPU = Release|Any CPU
	EndGlobalSection
	GlobalSection(ProjectConfigurationPlatforms) = postSolution
		{96D31E73-A1C3-420F-B950-DD69FD50F0D2}.Debug|Any CPU.ActiveCfg = Debug|Any CPU
		{96D31E73-A1C3-420F-B950-DD69FD50F0D2}.Debug|Any CPU.Build.0 = Debug|Any CPU
		{96D31E73-A1C3-420F-B950-DD69FD50F0D2}.Release|Any CPU.ActiveCfg = Release|Any CPU
		{96D31E73-A1C3-420F-B950-DD69FD50F0D2}.Release|Any CPU.Build.0 = Release|Any CPU
		{570CDDA9-29DB-41B5-9E5B-C7FEB99B3699}.Debug|Any CPU.ActiveCfg = Debug|Any CPU
		{570CDDA9-29DB-41B5-9E5B-C7FEB99B3699}.Debug|Any CPU.Build.0 = Debug|Any CPU
		{570CDDA9-29DB-41B5-9E5B-C7FEB99B3699}.Release|Any CPU.ActiveCfg = Release|Any CPU
		{570CDDA9-29DB-41B5-9E5B-C7FEB99B3699}.Release|Any CPU.Build.0 = Release|Any CPU
		{DA74B3BC-665A-48B7-8638-DA25781C9E7D}.Debug|Any CPU.ActiveCfg = Debug|Any CPU
		{DA74B3BC-665A-48B7-8638-DA25781C9E7D}.Debug|Any CPU.Build.0 = Debug|Any CPU
		{DA74B3BC-665A-48B7-8638-DA25781C9E7D}.Release|Any CPU.ActiveCfg = Release|Any CPU
		{DA74B3BC-665A-48B7-8638-DA25781C9E7D}.Release|Any CPU.Build.0 = Release|Any CPU
		{D6CA9789-EE32-4404-9BD0-7BCDDC881CE2}.Debug|Any CPU.ActiveCfg = Debug|Any CPU
		{D6CA9789-EE32-4404-9BD0-7BCDDC881CE2}.Debug|Any CPU.Build.0 = Debug|Any CPU
		{D6CA9789-EE32-4404-9BD0-7BCDDC881CE2}.Release|Any CPU.ActiveCfg = Release|Any CPU
		{D6CA9789-EE32-4404-9BD0-7BCDDC881CE2}.Release|Any CPU.Build.0 = Release|Any CPU
		{778B3DF5-9A53-46EB-9754-F1086E4C2223}.Debug|Any CPU.ActiveCfg = Debug|Any CPU
		{778B3DF5-9A53-46EB-9754-F1086E4C2223}.Debug|Any CPU.Build.0 = Debug|Any CPU
		{778B3DF5-9A53-46EB-9754-F1086E4C2223}.Release|Any CPU.ActiveCfg = Release|Any CPU
		{778B3DF5-9A53-46EB-9754-F1086E4C2223}.Release|Any CPU.Build.0 = Release|Any CPU
	EndGlobalSection
	GlobalSection(SolutionProperties) = preSolution
		HideSolutionNode = FALSE
	EndGlobalSection
	GlobalSection(NestedProjects) = preSolution
		{98842640-7A4B-4AE9-BF6B-42329DD761B6} = {6B5D7EE5-87AB-4540-ADC4-90943BD6F637}
		{FE34B237-FB15-498F-9B4A-B653DFDA8A8E} = {6B5D7EE5-87AB-4540-ADC4-90943BD6F637}
		{9D2299EF-31CB-48DE-B3B3-9AB455174245} = {6B5D7EE5-87AB-4540-ADC4-90943BD6F637}
		{96D31E73-A1C3-420F-B950-DD69FD50F0D2} = {98842640-7A4B-4AE9-BF6B-42329DD761B6}
		{570CDDA9-29DB-41B5-9E5B-C7FEB99B3699} = {FE34B237-FB15-498F-9B4A-B653DFDA8A8E}
		{DA74B3BC-665A-48B7-8638-DA25781C9E7D} = {FE34B237-FB15-498F-9B4A-B653DFDA8A8E}
		{D6CA9789-EE32-4404-9BD0-7BCDDC881CE2} = {9D2299EF-31CB-48DE-B3B3-9AB455174245}
		{778B3DF5-9A53-46EB-9754-F1086E4C2223} = {9D2299EF-31CB-48DE-B3B3-9AB455174245}
	EndGlobalSection
	GlobalSection(ExtensibilityGlobals) = postSolution
		SolutionGuid = {0510908F-21A9-4452-82AB-1295F5DFCBC0}
	EndGlobalSection
EndGlobal
